// !$*UTF8*$!
{
	archiveVersion = 1;
	classes = {
	};
	objectVersion = 46;
	objects = {

/* Begin PBXBuildFile section */
		69EAE00F1A899709002D7093 /* AppDelegate.m in Sources */ = {isa = PBXBuildFile; fileRef = 69EAE00E1A899709002D7093 /* AppDelegate.m */; };
		69EAE0111A899709002D7093 /* main.m in Sources */ = {isa = PBXBuildFile; fileRef = 69EAE0101A899709002D7093 /* main.m */; };
		69EAE0141A899709002D7093 /* ViewController.m in Sources */ = {isa = PBXBuildFile; fileRef = 69EAE0131A899709002D7093 /* ViewController.m */; };
		69EAE0161A899709002D7093 /* Images.xcassets in Resources */ = {isa = PBXBuildFile; fileRef = 69EAE0151A899709002D7093 /* Images.xcassets */; };
		69EAE0191A899709002D7093 /* Main.storyboard in Resources */ = {isa = PBXBuildFile; fileRef = 69EAE0171A899709002D7093 /* Main.storyboard */; };
		69EAE0251A89970A002D7093 /* CfA_Projects_to_CSVTests.m in Sources */ = {isa = PBXBuildFile; fileRef = 69EAE0241A89970A002D7093 /* CfA_Projects_to_CSVTests.m */; };
/* End PBXBuildFile section */

/* Begin PBXContainerItemProxy section */
		69EAE01F1A89970A002D7093 /* PBXContainerItemProxy */ = {
			isa = PBXContainerItemProxy;
			containerPortal = 69EAE0001A899709002D7093 /* Project object */;
			proxyType = 1;
			remoteGlobalIDString = 69EAE0071A899709002D7093;
			remoteInfo = "CfA Projects to CSV";
		};
/* End PBXContainerItemProxy section */

/* Begin PBXFileReference section */
		69EAE0081A899709002D7093 /* CfA Projects to CSV.app */ = {isa = PBXFileReference; explicitFileType = wrapper.application; includeInIndex = 0; path = "CfA Projects to CSV.app"; sourceTree = BUILT_PRODUCTS_DIR; };
		69EAE00C1A899709002D7093 /* Info.plist */ = {isa = PBXFileReference; lastKnownFileType = text.plist.xml; path = Info.plist; sourceTree = "<group>"; };
		69EAE00D1A899709002D7093 /* AppDelegate.h */ = {isa = PBXFileReference; lastKnownFileType = sourcecode.c.h; path = AppDelegate.h; sourceTree = "<group>"; };
		69EAE00E1A899709002D7093 /* AppDelegate.m */ = {isa = PBXFileReference; lastKnownFileType = sourcecode.c.objc; path = AppDelegate.m; sourceTree = "<group>"; };
		69EAE0101A899709002D7093 /* main.m */ = {isa = PBXFileReference; lastKnownFileType = sourcecode.c.objc; path = main.m; sourceTree = "<group>"; };
		69EAE0121A899709002D7093 /* ViewController.h */ = {isa = PBXFileReference; lastKnownFileType = sourcecode.c.h; path = ViewController.h; sourceTree = "<group>"; };
		69EAE0131A899709002D7093 /* ViewController.m */ = {isa = PBXFileReference; lastKnownFileType = sourcecode.c.objc; path = ViewController.m; sourceTree = "<group>"; };
		69EAE0151A899709002D7093 /* Images.xcassets */ = {isa = PBXFileReference; lastKnownFileType = folder.assetcatalog; path = Images.xcassets; sourceTree = "<group>"; };
		69EAE0181A899709002D7093 /* Base */ = {isa = PBXFileReference; lastKnownFileType = file.storyboard; name = Base; path = Base.lproj/Main.storyboard; sourceTree = "<group>"; };
		69EAE01E1A89970A002D7093 /* CfA Projects to CSVTests.xctest */ = {isa = PBXFileReference; explicitFileType = wrapper.cfbundle; includeInIndex = 0; path = "CfA Projects to CSVTests.xctest"; sourceTree = BUILT_PRODUCTS_DIR; };
		69EAE0231A89970A002D7093 /* Info.plist */ = {isa = PBXFileReference; lastKnownFileType = text.plist.xml; path = Info.plist; sourceTree = "<group>"; };
		69EAE0241A89970A002D7093 /* CfA_Projects_to_CSVTests.m */ = {isa = PBXFileReference; lastKnownFileType = sourcecode.c.objc; path = CfA_Projects_to_CSVTests.m; sourceTree = "<group>"; };
/* End PBXFileReference section */

/* Begin PBXFrameworksBuildPhase section */
		69EAE0051A899709002D7093 /* Frameworks */ = {
			isa = PBXFrameworksBuildPhase;
			buildActionMask = 2147483647;
			files = (
			);
			runOnlyForDeploymentPostprocessing = 0;
		};
		69EAE01B1A89970A002D7093 /* Frameworks */ = {
			isa = PBXFrameworksBuildPhase;
			buildActionMask = 2147483647;
			files = (
			);
			runOnlyForDeploymentPostprocessing = 0;
		};
/* End PBXFrameworksBuildPhase section */

/* Begin PBXGroup section */
		69EADFFF1A899709002D7093 = {
			isa = PBXGroup;
			children = (
				69EAE00A1A899709002D7093 /* CfA Projects to CSV */,
				69EAE0211A89970A002D7093 /* CfA Projects to CSVTests */,
				69EAE0091A899709002D7093 /* Products */,
			);
			sourceTree = "<group>";
		};
		69EAE0091A899709002D7093 /* Products */ = {
			isa = PBXGroup;
			children = (
				69EAE0081A899709002D7093 /* CfA Projects to CSV.app */,
				69EAE01E1A89970A002D7093 /* CfA Projects to CSVTests.xctest */,
			);
			name = Products;
			sourceTree = "<group>";
		};
		69EAE00A1A899709002D7093 /* CfA Projects to CSV */ = {
			isa = PBXGroup;
			children = (
				69EAE00D1A899709002D7093 /* AppDelegate.h */,
				69EAE00E1A899709002D7093 /* AppDelegate.m */,
				69EAE0121A899709002D7093 /* ViewController.h */,
				69EAE0131A899709002D7093 /* ViewController.m */,
				69EAE0151A899709002D7093 /* Images.xcassets */,
				69EAE0171A899709002D7093 /* Main.storyboard */,
				69EAE00B1A899709002D7093 /* Supporting Files */,
			);
			path = "CfA Projects to CSV";
			sourceTree = "<group>";
		};
		69EAE00B1A899709002D7093 /* Supporting Files */ = {
			isa = PBXGroup;
			children = (
				69EAE00C1A899709002D7093 /* Info.plist */,
				69EAE0101A899709002D7093 /* main.m */,
			);
			name = "Supporting Files";
			sourceTree = "<group>";
		};
		69EAE0211A89970A002D7093 /* CfA Projects to CSVTests */ = {
			isa = PBXGroup;
			children = (
				69EAE0241A89970A002D7093 /* CfA_Projects_to_CSVTests.m */,
				69EAE0221A89970A002D7093 /* Supporting Files */,
			);
			path = "CfA Projects to CSVTests";
			sourceTree = "<group>";
		};
		69EAE0221A89970A002D7093 /* Supporting Files */ = {
			isa = PBXGroup;
			children = (
				69EAE0231A89970A002D7093 /* Info.plist */,
			);
			name = "Supporting Files";
			sourceTree = "<group>";
		};
/* End PBXGroup section */

/* Begin PBXNativeTarget section */
		69EAE0071A899709002D7093 /* CfA Projects to CSV */ = {
			isa = PBXNativeTarget;
			buildConfigurationList = 69EAE0281A89970A002D7093 /* Build configuration list for PBXNativeTarget "CfA Projects to CSV" */;
			buildPhases = (
				69EAE0041A899709002D7093 /* Sources */,
				69EAE0051A899709002D7093 /* Frameworks */,
				69EAE0061A899709002D7093 /* Resources */,
			);
			buildRules = (
			);
			dependencies = (
			);
			name = "CfA Projects to CSV";
			productName = "CfA Projects to CSV";
			productReference = 69EAE0081A899709002D7093 /* CfA Projects to CSV.app */;
			productType = "com.apple.product-type.application";
		};
		69EAE01D1A89970A002D7093 /* CfA Projects to CSVTests */ = {
			isa = PBXNativeTarget;
			buildConfigurationList = 69EAE02B1A89970A002D7093 /* Build configuration list for PBXNativeTarget "CfA Projects to CSVTests" */;
			buildPhases = (
				69EAE01A1A89970A002D7093 /* Sources */,
				69EAE01B1A89970A002D7093 /* Frameworks */,
				69EAE01C1A89970A002D7093 /* Resources */,
			);
			buildRules = (
			);
			dependencies = (
				69EAE0201A89970A002D7093 /* PBXTargetDependency */,
			);
			name = "CfA Projects to CSVTests";
			productName = "CfA Projects to CSVTests";
			productReference = 69EAE01E1A89970A002D7093 /* CfA Projects to CSVTests.xctest */;
			productType = "com.apple.product-type.bundle.unit-test";
		};
/* End PBXNativeTarget section */

/* Begin PBXProject section */
		69EAE0001A899709002D7093 /* Project object */ = {
			isa = PBXProject;
			attributes = {
				LastUpgradeCheck = 0610;
				ORGANIZATIONNAME = "Jay Whitsitt";
				TargetAttributes = {
					69EAE0071A899709002D7093 = {
						CreatedOnToolsVersion = 6.1.1;
					};
					69EAE01D1A89970A002D7093 = {
						CreatedOnToolsVersion = 6.1.1;
						TestTargetID = 69EAE0071A899709002D7093;
					};
				};
			};
			buildConfigurationList = 69EAE0031A899709002D7093 /* Build configuration list for PBXProject "CfA Projects to CSV" */;
			compatibilityVersion = "Xcode 3.2";
			developmentRegion = English;
			hasScannedForEncodings = 0;
			knownRegions = (
				en,
				Base,
			);
			mainGroup = 69EADFFF1A899709002D7093;
			productRefGroup = 69EAE0091A899709002D7093 /* Products */;
			projectDirPath = "";
			projectRoot = "";
			targets = (
				69EAE0071A899709002D7093 /* CfA Projects to CSV */,
				69EAE01D1A89970A002D7093 /* CfA Projects to CSVTests */,
			);
		};
/* End PBXProject section */

/* Begin PBXResourcesBuildPhase section */
		69EAE0061A899709002D7093 /* Resources */ = {
			isa = PBXResourcesBuildPhase;
			buildActionMask = 2147483647;
			files = (
				69EAE0161A899709002D7093 /* Images.xcassets in Resources */,
				69EAE0191A899709002D7093 /* Main.storyboard in Resources */,
			);
			runOnlyForDeploymentPostprocessing = 0;
		};
		69EAE01C1A89970A002D7093 /* Resources */ = {
			isa = PBXResourcesBuildPhase;
			buildActionMask = 2147483647;
			files = (
			);
			runOnlyForDeploymentPostprocessing = 0;
		};
/* End PBXResourcesBuildPhase section */

/* Begin PBXSourcesBuildPhase section */
		69EAE0041A899709002D7093 /* Sources */ = {
			isa = PBXSourcesBuildPhase;
			buildActionMask = 2147483647;
			files = (
				69EAE0141A899709002D7093 /* ViewController.m in Sources */,
				69EAE0111A899709002D7093 /* main.m in Sources */,
				69EAE00F1A899709002D7093 /* AppDelegate.m in Sources */,
			);
			runOnlyForDeploymentPostprocessing = 0;
		};
		69EAE01A1A89970A002D7093 /* Sources */ = {
			isa = PBXSourcesBuildPhase;
			buildActionMask = 2147483647;
			files = (
				69EAE0251A89970A002D7093 /* CfA_Projects_to_CSVTests.m in Sources */,
			);
			runOnlyForDeploymentPostprocessing = 0;
		};
/* End PBXSourcesBuildPhase section */

/* Begin PBXTargetDependency section */
		69EAE0201A89970A002D7093 /* PBXTargetDependency */ = {
			isa = PBXTargetDependency;
			target = 69EAE0071A899709002D7093 /* CfA Projects to CSV */;
			targetProxy = 69EAE01F1A89970A002D7093 /* PBXContainerItemProxy */;
		};
/* End PBXTargetDependency section */

/* Begin PBXVariantGroup section */
		69EAE0171A899709002D7093 /* Main.storyboard */ = {
			isa = PBXVariantGroup;
			children = (
				69EAE0181A899709002D7093 /* Base */,
			);
			name = Main.storyboard;
			sourceTree = "<group>";
		};
/* End PBXVariantGroup section */

/* Begin XCBuildConfiguration section */
		69EAE0261A89970A002D7093 /* Debug */ = {
			isa = XCBuildConfiguration;
			buildSettings = {
				ALWAYS_SEARCH_USER_PATHS = NO;
				CLANG_CXX_LANGUAGE_STANDARD = "gnu++0x";
				CLANG_CXX_LIBRARY = "libc++";
				CLANG_ENABLE_MODULES = YES;
				CLANG_ENABLE_OBJC_ARC = YES;
				CLANG_WARN_BOOL_CONVERSION = YES;
				CLANG_WARN_CONSTANT_CONVERSION = YES;
				CLANG_WARN_DIRECT_OBJC_ISA_USAGE = YES_ERROR;
				CLANG_WARN_EMPTY_BODY = YES;
				CLANG_WARN_ENUM_CONVERSION = YES;
				CLANG_WARN_INT_CONVERSION = YES;
				CLANG_WARN_OBJC_ROOT_CLASS = YES_ERROR;
				CLANG_WARN_UNREACHABLE_CODE = YES;
				CLANG_WARN__DUPLICATE_METHOD_MATCH = YES;
				CODE_SIGN_IDENTITY = "-";
				COPY_PHASE_STRIP = NO;
				ENABLE_STRICT_OBJC_MSGSEND = YES;
				GCC_C_LANGUAGE_STANDARD = gnu99;
				GCC_DYNAMIC_NO_PIC = NO;
				GCC_OPTIMIZATION_LEVEL = 0;
				GCC_PREPROCESSOR_DEFINITIONS = (
					"DEBUG=1",
					"$(inherited)",
				);
				GCC_SYMBOLS_PRIVATE_EXTERN = NO;
				GCC_WARN_64_TO_32_BIT_CONVERSION = YES;
				GCC_WARN_ABOUT_RETURN_TYPE = YES_ERROR;
				GCC_WARN_UNDECLARED_SELECTOR = YES;
				GCC_WARN_UNINITIALIZED_AUTOS = YES_AGGRESSIVE;
				GCC_WARN_UNUSED_FUNCTION = YES;
				GCC_WARN_UNUSED_VARIABLE = YES;
				MACOSX_DEPLOYMENT_TARGET = 10.10;
				MTL_ENABLE_DEBUG_INFO = YES;
				ONLY_ACTIVE_ARCH = YES;
				SDKROOT = macosx;
			};
			name = Debug;
		};
		69EAE0271A89970A002D7093 /* Release */ = {
			isa = XCBuildConfiguration;
			buildSettings = {
				ALWAYS_SEARCH_USER_PATHS = NO;
				CLANG_CXX_LANGUAGE_STANDARD = "gnu++0x";
				CLANG_CXX_LIBRARY = "libc++";
				CLANG_ENABLE_MODULES = YES;
				CLANG_ENABLE_OBJC_ARC = YES;
				CLANG_WARN_BOOL_CONVERSION = YES;
				CLANG_WARN_CONSTANT_CONVERSION = YES;
				CLANG_WARN_DIRECT_OBJC_ISA_USAGE = YES_ERROR;
				CLANG_WARN_EMPTY_BODY = YES;
				CLANG_WARN_ENUM_CONVERSION = YES;
				CLANG_WARN_INT_CONVERSION = YES;
				CLANG_WARN_OBJC_ROOT_CLASS = YES_ERROR;
				CLANG_WARN_UNREACHABLE_CODE = YES;
				CLANG_WARN__DUPLICATE_METHOD_MATCH = YES;
				CODE_SIGN_IDENTITY = "-";
				COPY_PHASE_STRIP = YES;
				DEBUG_INFORMATION_FORMAT = "dwarf-with-dsym";
				ENABLE_NS_ASSERTIONS = NO;
				ENABLE_STRICT_OBJC_MSGSEND = YES;
				GCC_C_LANGUAGE_STANDARD = gnu99;
				GCC_WARN_64_TO_32_BIT_CONVERSION = YES;
				GCC_WARN_ABOUT_RETURN_TYPE = YES_ERROR;
				GCC_WARN_UNDECLARED_SELECTOR = YES;
				GCC_WARN_UNINITIALIZED_AUTOS = YES_AGGRESSIVE;
				GCC_WARN_UNUSED_FUNCTION = YES;
				GCC_WARN_UNUSED_VARIABLE = YES;
				MACOSX_DEPLOYMENT_TARGET = 10.10;
				MTL_ENABLE_DEBUG_INFO = NO;
				SDKROOT = macosx;
			};
			name = Release;
		};
		69EAE0291A89970A002D7093 /* Debug */ = {
			isa = XCBuildConfiguration;
			buildSettings = {
				ASSETCATALOG_COMPILER_APPICON_NAME = AppIcon;
				COMBINE_HIDPI_IMAGES = YES;
				INFOPLIST_FILE = "CfA Projects to CSV/Info.plist";
				LD_RUNPATH_SEARCH_PATHS = "$(inherited) @executable_path/../Frameworks";
				PRODUCT_NAME = "$(TARGET_NAME)";
			};
			name = Debug;
		};
		69EAE02A1A89970A002D7093 /* Release */ = {
			isa = XCBuildConfiguration;
			buildSettings = {
				ASSETCATALOG_COMPILER_APPICON_NAME = AppIcon;
				COMBINE_HIDPI_IMAGES = YES;
				INFOPLIST_FILE = "CfA Projects to CSV/Info.plist";
				LD_RUNPATH_SEARCH_PATHS = "$(inherited) @executable_path/../Frameworks";
				PRODUCT_NAME = "$(TARGET_NAME)";
			};
			name = Release;
		};
		69EAE02C1A89970A002D7093 /* Debug */ = {
			isa = XCBuildConfiguration;
			buildSettings = {
				BUNDLE_LOADER = "$(TEST_HOST)";
				COMBINE_HIDPI_IMAGES = YES;
				FRAMEWORK_SEARCH_PATHS = (
					"$(DEVELOPER_FRAMEWORKS_DIR)",
					"$(inherited)",
				);
				GCC_PREPROCESSOR_DEFINITIONS = (
					"DEBUG=1",
					"$(inherited)",
				);
				INFOPLIST_FILE = "CfA Projects to CSVTests/Info.plist";
				LD_RUNPATH_SEARCH_PATHS = "$(inherited) @executable_path/../Frameworks @loader_path/../Frameworks";
				PRODUCT_NAME = "$(TARGET_NAME)";
				TEST_HOST = "$(BUILT_PRODUCTS_DIR)/CfA Projects to CSV.app/Contents/MacOS/CfA Projects to CSV";
			};
			name = Debug;
		};
		69EAE02D1A89970A002D7093 /* Release */ = {
			isa = XCBuildConfiguration;
			buildSettings = {
				BUNDLE_LOADER = "$(TEST_HOST)";
				COMBINE_HIDPI_IMAGES = YES;
				FRAMEWORK_SEARCH_PATHS = (
					"$(DEVELOPER_FRAMEWORKS_DIR)",
					"$(inherited)",
				);
				INFOPLIST_FILE = "CfA Projects to CSVTests/Info.plist";
				LD_RUNPATH_SEARCH_PATHS = "$(inherited) @executable_path/../Frameworks @loader_path/../Frameworks";
				PRODUCT_NAME = "$(TARGET_NAME)";
				TEST_HOST = "$(BUILT_PRODUCTS_DIR)/CfA Projects to CSV.app/Contents/MacOS/CfA Projects to CSV";
			};
			name = Release;
		};
/* End XCBuildConfiguration section */

/* Begin XCConfigurationList section */
		69EAE0031A899709002D7093 /* Build configuration list for PBXProject "CfA Projects to CSV" */ = {
			isa = XCConfigurationList;
			buildConfigurations = (
				69EAE0261A89970A002D7093 /* Debug */,
				69EAE0271A89970A002D7093 /* Release */,
			);
			defaultConfigurationIsVisible = 0;
			defaultConfigurationName = Release;
		};
		69EAE0281A89970A002D7093 /* Build configuration list for PBXNativeTarget "CfA Projects to CSV" */ = {
			isa = XCConfigurationList;
			buildConfigurations = (
				69EAE0291A89970A002D7093 /* Debug */,
				69EAE02A1A89970A002D7093 /* Release */,
			);
			defaultConfigurationIsVisible = 0;
		};
		69EAE02B1A89970A002D7093 /* Build configuration list for PBXNativeTarget "CfA Projects to CSVTests" */ = {
			isa = XCConfigurationList;
			buildConfigurations = (
				69EAE02C1A89970A002D7093 /* Debug */,
				69EAE02D1A89970A002D7093 /* Release */,
			);
			defaultConfigurationIsVisible = 0;
		};
/* End XCConfigurationList section */
	};
	rootObject = 69EAE0001A899709002D7093 /* Project object */;
}
